// !$*UTF8*$!
{
	archiveVersion = 1;
	classes = {
	};
	objectVersion = 56;
	objects = {

/* Begin PBXBuildFile section */
		E07564562C2C03EF0065413D /* TMDBRequestCase.swift in Sources */ = {isa = PBXBuildFile; fileRef = E07564552C2C03EF0065413D /* TMDBRequestCase.swift */; };
		E07564582C2C3FCD0065413D /* UIViewController + Extension.swift in Sources */ = {isa = PBXBuildFile; fileRef = E07564572C2C3FCD0065413D /* UIViewController + Extension.swift */; };
		E075645A2C2C50BB0065413D /* BaseViewController + NoLargeTitle.swift in Sources */ = {isa = PBXBuildFile; fileRef = E07564592C2C50BB0065413D /* BaseViewController + NoLargeTitle.swift */; };
		E075648E2C32A6710065413D /* NasaRequestCase.swift in Sources */ = {isa = PBXBuildFile; fileRef = E075648D2C32A6700065413D /* NasaRequestCase.swift */; };
		E07564902C32A6E70065413D /* NasaViewController.swift in Sources */ = {isa = PBXBuildFile; fileRef = E075648F2C32A6E70065413D /* NasaViewController.swift */; };
		E07564922C32A7320065413D /* BaseView.swift in Sources */ = {isa = PBXBuildFile; fileRef = E07564912C32A7320065413D /* BaseView.swift */; };
		E07564952C32A80C0065413D /* NasaView.swift in Sources */ = {isa = PBXBuildFile; fileRef = E07564942C32A80C0065413D /* NasaView.swift */; };
		E0A8818E2C16D76000538021 /* AppDelegate.swift in Sources */ = {isa = PBXBuildFile; fileRef = E0A8818D2C16D76000538021 /* AppDelegate.swift */; };
		E0A881902C16D76000538021 /* SceneDelegate.swift in Sources */ = {isa = PBXBuildFile; fileRef = E0A8818F2C16D76000538021 /* SceneDelegate.swift */; };
		E0A881972C16D76100538021 /* Assets.xcassets in Resources */ = {isa = PBXBuildFile; fileRef = E0A881962C16D76100538021 /* Assets.xcassets */; };
		E0A8819A2C16D76100538021 /* Base in Resources */ = {isa = PBXBuildFile; fileRef = E0A881992C16D76100538021 /* Base */; };
		E0A881A22C16D94600538021 /* .gitignore in Resources */ = {isa = PBXBuildFile; fileRef = E0A881A12C16D94600538021 /* .gitignore */; };
		E0A881A42C16D95A00538021 /* APIKey.swift in Sources */ = {isa = PBXBuildFile; fileRef = E0A881A32C16D95A00538021 /* APIKey.swift */; };
		E0A881A62C16D9FF00538021 /* MainViewController.swift in Sources */ = {isa = PBXBuildFile; fileRef = E0A881A52C16D9FF00538021 /* MainViewController.swift */; };
		E0A881A92C16DA1800538021 /* ReusableIdentifier.swift in Sources */ = {isa = PBXBuildFile; fileRef = E0A881A82C16DA1800538021 /* ReusableIdentifier.swift */; };
		E0A881AB2C16DA4F00538021 /* SetupView.swift in Sources */ = {isa = PBXBuildFile; fileRef = E0A881AA2C16DA4F00538021 /* SetupView.swift */; };
		E0A881AF2C16DAE300538021 /* SnapKit in Frameworks */ = {isa = PBXBuildFile; productRef = E0A881AE2C16DAE300538021 /* SnapKit */; };
		E0A881B22C16DB9F00538021 /* Alamofire in Frameworks */ = {isa = PBXBuildFile; productRef = E0A881B12C16DB9F00538021 /* Alamofire */; };
		E0A881B52C16DC7A00538021 /* Movie.swift in Sources */ = {isa = PBXBuildFile; fileRef = E0A881B42C16DC7A00538021 /* Movie.swift */; };
		E0A881B82C16E89C00538021 /* MovieTableViewCell.swift in Sources */ = {isa = PBXBuildFile; fileRef = E0A881B72C16E89C00538021 /* MovieTableViewCell.swift */; };
		E0A881BB2C16F7F600538021 /* Kingfisher in Frameworks */ = {isa = PBXBuildFile; productRef = E0A881BA2C16F7F600538021 /* Kingfisher */; };
		E0A881C42C1718CF00538021 /* Actor.swift in Sources */ = {isa = PBXBuildFile; fileRef = E0A881C32C1718CF00538021 /* Actor.swift */; };
		E0A881CA2C1723E800538021 /* CastingTableViewCell.swift in Sources */ = {isa = PBXBuildFile; fileRef = E0A881C92C1723E800538021 /* CastingTableViewCell.swift */; };
		E0A881D52C18500900538021 /* SearchViewController.swift in Sources */ = {isa = PBXBuildFile; fileRef = E0A881D42C18500900538021 /* SearchViewController.swift */; };
		E0A881D72C1854ED00538021 /* SearchCollectionViewCell.swift in Sources */ = {isa = PBXBuildFile; fileRef = E0A881D62C1854ED00538021 /* SearchCollectionViewCell.swift */; };
		E0A881DB2C18617200538021 /* Toast in Frameworks */ = {isa = PBXBuildFile; productRef = E0A881DA2C18617200538021 /* Toast */; };
		E0A881EB2C19D40000538021 /* CustomBorder.swift in Sources */ = {isa = PBXBuildFile; fileRef = E0A881EA2C19D40000538021 /* CustomBorder.swift */; };
		E0A881ED2C19D61800538021 /* Enums.swift in Sources */ = {isa = PBXBuildFile; fileRef = E0A881EC2C19D61800538021 /* Enums.swift */; };
		E0A881EF2C19D7BB00538021 /* CustomLabel.swift in Sources */ = {isa = PBXBuildFile; fileRef = E0A881EE2C19D7BB00538021 /* CustomLabel.swift */; };
		E0A881F42C19DA4400538021 /* CustomImageView.swift in Sources */ = {isa = PBXBuildFile; fileRef = E0A881F32C19DA4400538021 /* CustomImageView.swift */; };
		E0A881F72C19DC6500538021 /* CastingViewController.swift in Sources */ = {isa = PBXBuildFile; fileRef = E0A881F62C19DC6500538021 /* CastingViewController.swift */; };
		E0B0B68D2C19E23700A24154 /* CollectionView + Extension.swift in Sources */ = {isa = PBXBuildFile; fileRef = E0B0B68C2C19E23700A24154 /* CollectionView + Extension.swift */; };
		E0B5E5882C295B790024ADB8 /* PosterViewController.swift in Sources */ = {isa = PBXBuildFile; fileRef = E0B5E5872C295B790024ADB8 /* PosterViewController.swift */; };
		E0B5E5B92C2AC3B20024ADB8 /* BaseTableViewController.swift in Sources */ = {isa = PBXBuildFile; fileRef = E0B5E5B82C2AC3B20024ADB8 /* BaseTableViewController.swift */; };
		E0B5E5BB2C2AC4CB0024ADB8 /* Poster.swift in Sources */ = {isa = PBXBuildFile; fileRef = E0B5E5BA2C2AC4CB0024ADB8 /* Poster.swift */; };
		E0B5E5BF2C2AC8DD0024ADB8 /* BaseTableViewCell.swift in Sources */ = {isa = PBXBuildFile; fileRef = E0B5E5BE2C2AC8DD0024ADB8 /* BaseTableViewCell.swift */; };
		E0B5E5C12C2AC9420024ADB8 /* PosterTableViewCell.swift in Sources */ = {isa = PBXBuildFile; fileRef = E0B5E5C02C2AC9420024ADB8 /* PosterTableViewCell.swift */; };
		E0B5E5C32C2ACD550024ADB8 /* MovieImageContainer.swift in Sources */ = {isa = PBXBuildFile; fileRef = E0B5E5C22C2ACD550024ADB8 /* MovieImageContainer.swift */; };
		E0B5E5C52C2AD00B0024ADB8 /* PosterCollectionViewCell.swift in Sources */ = {isa = PBXBuildFile; fileRef = E0B5E5C42C2AD00B0024ADB8 /* PosterCollectionViewCell.swift */; };
		E0B5E5C72C2AD5FE0024ADB8 /* BaseCollectionViewCell.swift in Sources */ = {isa = PBXBuildFile; fileRef = E0B5E5C62C2AD5FE0024ADB8 /* BaseCollectionViewCell.swift */; };
		E0B5E5CB2C2AD66E0024ADB8 /* SetupCell.swift in Sources */ = {isa = PBXBuildFile; fileRef = E0B5E5CA2C2AD66E0024ADB8 /* SetupCell.swift */; };
		E0B5E5D02C2AE8B10024ADB8 /* CollectionViewEnums.swift in Sources */ = {isa = PBXBuildFile; fileRef = E0B5E5CF2C2AE8B10024ADB8 /* CollectionViewEnums.swift */; };
		E0B5E5D22C2AE90F0024ADB8 /* TableViewEnums.swift in Sources */ = {isa = PBXBuildFile; fileRef = E0B5E5D12C2AE90F0024ADB8 /* TableViewEnums.swift */; };
		E0BAE9932C216DA2008F795F /* OverviewTableViewCell.swift in Sources */ = {isa = PBXBuildFile; fileRef = E0BAE9922C216DA2008F795F /* OverviewTableViewCell.swift */; };
		E0BAE9B52C268E79008F795F /* NetworkService.swift in Sources */ = {isa = PBXBuildFile; fileRef = E0BAE9B42C268E79008F795F /* NetworkService.swift */; };
		E0BAE9B72C26974E008F795F /* NetworkProtocol.swift in Sources */ = {isa = PBXBuildFile; fileRef = E0BAE9B62C26974E008F795F /* NetworkProtocol.swift */; };
		E0BAE9BB2C2698F1008F795F /* LocalNotificationCenter.swift in Sources */ = {isa = PBXBuildFile; fileRef = E0BAE9BA2C2698F1008F795F /* LocalNotificationCenter.swift */; };
/* End PBXBuildFile section */

/* Begin PBXFileReference section */
		E07564552C2C03EF0065413D /* TMDBRequestCase.swift */ = {isa = PBXFileReference; lastKnownFileType = sourcecode.swift; path = TMDBRequestCase.swift; sourceTree = "<group>"; };
		E07564572C2C3FCD0065413D /* UIViewController + Extension.swift */ = {isa = PBXFileReference; lastKnownFileType = sourcecode.swift; path = "UIViewController + Extension.swift"; sourceTree = "<group>"; };
		E07564592C2C50BB0065413D /* BaseViewController + NoLargeTitle.swift */ = {isa = PBXFileReference; lastKnownFileType = sourcecode.swift; path = "BaseViewController + NoLargeTitle.swift"; sourceTree = "<group>"; };
		E075648D2C32A6700065413D /* NasaRequestCase.swift */ = {isa = PBXFileReference; lastKnownFileType = sourcecode.swift; path = NasaRequestCase.swift; sourceTree = "<group>"; };
		E075648F2C32A6E70065413D /* NasaViewController.swift */ = {isa = PBXFileReference; lastKnownFileType = sourcecode.swift; path = NasaViewController.swift; sourceTree = "<group>"; };
		E07564912C32A7320065413D /* BaseView.swift */ = {isa = PBXFileReference; lastKnownFileType = sourcecode.swift; path = BaseView.swift; sourceTree = "<group>"; };
		E07564942C32A80C0065413D /* NasaView.swift */ = {isa = PBXFileReference; lastKnownFileType = sourcecode.swift; path = NasaView.swift; sourceTree = "<group>"; };
		E0A8818A2C16D76000538021 /* MediaProject.app */ = {isa = PBXFileReference; explicitFileType = wrapper.application; includeInIndex = 0; path = MediaProject.app; sourceTree = BUILT_PRODUCTS_DIR; };
		E0A8818D2C16D76000538021 /* AppDelegate.swift */ = {isa = PBXFileReference; lastKnownFileType = sourcecode.swift; path = AppDelegate.swift; sourceTree = "<group>"; };
		E0A8818F2C16D76000538021 /* SceneDelegate.swift */ = {isa = PBXFileReference; lastKnownFileType = sourcecode.swift; path = SceneDelegate.swift; sourceTree = "<group>"; };
		E0A881962C16D76100538021 /* Assets.xcassets */ = {isa = PBXFileReference; lastKnownFileType = folder.assetcatalog; path = Assets.xcassets; sourceTree = "<group>"; };
		E0A881992C16D76100538021 /* Base */ = {isa = PBXFileReference; lastKnownFileType = file.storyboard; name = Base; path = Base.lproj/LaunchScreen.storyboard; sourceTree = "<group>"; };
		E0A8819B2C16D76100538021 /* Info.plist */ = {isa = PBXFileReference; lastKnownFileType = text.plist.xml; path = Info.plist; sourceTree = "<group>"; };
		E0A881A12C16D94600538021 /* .gitignore */ = {isa = PBXFileReference; lastKnownFileType = text; path = .gitignore; sourceTree = "<group>"; };
		E0A881A32C16D95A00538021 /* APIKey.swift */ = {isa = PBXFileReference; lastKnownFileType = sourcecode.swift; path = APIKey.swift; sourceTree = "<group>"; };
		E0A881A52C16D9FF00538021 /* MainViewController.swift */ = {isa = PBXFileReference; lastKnownFileType = sourcecode.swift; path = MainViewController.swift; sourceTree = "<group>"; };
		E0A881A82C16DA1800538021 /* ReusableIdentifier.swift */ = {isa = PBXFileReference; lastKnownFileType = sourcecode.swift; path = ReusableIdentifier.swift; sourceTree = "<group>"; };
		E0A881AA2C16DA4F00538021 /* SetupView.swift */ = {isa = PBXFileReference; lastKnownFileType = sourcecode.swift; path = SetupView.swift; sourceTree = "<group>"; };
		E0A881B42C16DC7A00538021 /* Movie.swift */ = {isa = PBXFileReference; lastKnownFileType = sourcecode.swift; path = Movie.swift; sourceTree = "<group>"; };
		E0A881B72C16E89C00538021 /* MovieTableViewCell.swift */ = {isa = PBXFileReference; lastKnownFileType = sourcecode.swift; path = MovieTableViewCell.swift; sourceTree = "<group>"; };
		E0A881C32C1718CF00538021 /* Actor.swift */ = {isa = PBXFileReference; lastKnownFileType = sourcecode.swift; path = Actor.swift; sourceTree = "<group>"; };
		E0A881C92C1723E800538021 /* CastingTableViewCell.swift */ = {isa = PBXFileReference; lastKnownFileType = sourcecode.swift; path = CastingTableViewCell.swift; sourceTree = "<group>"; };
		E0A881D42C18500900538021 /* SearchViewController.swift */ = {isa = PBXFileReference; lastKnownFileType = sourcecode.swift; path = SearchViewController.swift; sourceTree = "<group>"; };
		E0A881D62C1854ED00538021 /* SearchCollectionViewCell.swift */ = {isa = PBXFileReference; lastKnownFileType = sourcecode.swift; path = SearchCollectionViewCell.swift; sourceTree = "<group>"; };
		E0A881EA2C19D40000538021 /* CustomBorder.swift */ = {isa = PBXFileReference; lastKnownFileType = sourcecode.swift; path = CustomBorder.swift; sourceTree = "<group>"; };
		E0A881EC2C19D61800538021 /* Enums.swift */ = {isa = PBXFileReference; lastKnownFileType = sourcecode.swift; path = Enums.swift; sourceTree = "<group>"; };
		E0A881EE2C19D7BB00538021 /* CustomLabel.swift */ = {isa = PBXFileReference; lastKnownFileType = sourcecode.swift; path = CustomLabel.swift; sourceTree = "<group>"; };
		E0A881F32C19DA4400538021 /* CustomImageView.swift */ = {isa = PBXFileReference; lastKnownFileType = sourcecode.swift; path = CustomImageView.swift; sourceTree = "<group>"; };
		E0A881F62C19DC6500538021 /* CastingViewController.swift */ = {isa = PBXFileReference; lastKnownFileType = sourcecode.swift; path = CastingViewController.swift; sourceTree = "<group>"; };
		E0B0B68C2C19E23700A24154 /* CollectionView + Extension.swift */ = {isa = PBXFileReference; lastKnownFileType = sourcecode.swift; path = "CollectionView + Extension.swift"; sourceTree = "<group>"; };
		E0B5E5872C295B790024ADB8 /* PosterViewController.swift */ = {isa = PBXFileReference; lastKnownFileType = sourcecode.swift; path = PosterViewController.swift; sourceTree = "<group>"; };
		E0B5E5B82C2AC3B20024ADB8 /* BaseTableViewController.swift */ = {isa = PBXFileReference; lastKnownFileType = sourcecode.swift; path = BaseTableViewController.swift; sourceTree = "<group>"; };
		E0B5E5BA2C2AC4CB0024ADB8 /* Poster.swift */ = {isa = PBXFileReference; lastKnownFileType = sourcecode.swift; path = Poster.swift; sourceTree = "<group>"; };
		E0B5E5BE2C2AC8DD0024ADB8 /* BaseTableViewCell.swift */ = {isa = PBXFileReference; lastKnownFileType = sourcecode.swift; path = BaseTableViewCell.swift; sourceTree = "<group>"; };
		E0B5E5C02C2AC9420024ADB8 /* PosterTableViewCell.swift */ = {isa = PBXFileReference; lastKnownFileType = sourcecode.swift; path = PosterTableViewCell.swift; sourceTree = "<group>"; };
		E0B5E5C22C2ACD550024ADB8 /* MovieImageContainer.swift */ = {isa = PBXFileReference; lastKnownFileType = sourcecode.swift; path = MovieImageContainer.swift; sourceTree = "<group>"; };
		E0B5E5C42C2AD00B0024ADB8 /* PosterCollectionViewCell.swift */ = {isa = PBXFileReference; lastKnownFileType = sourcecode.swift; path = PosterCollectionViewCell.swift; sourceTree = "<group>"; };
		E0B5E5C62C2AD5FE0024ADB8 /* BaseCollectionViewCell.swift */ = {isa = PBXFileReference; lastKnownFileType = sourcecode.swift; path = BaseCollectionViewCell.swift; sourceTree = "<group>"; };
		E0B5E5CA2C2AD66E0024ADB8 /* SetupCell.swift */ = {isa = PBXFileReference; lastKnownFileType = sourcecode.swift; path = SetupCell.swift; sourceTree = "<group>"; };
		E0B5E5CF2C2AE8B10024ADB8 /* CollectionViewEnums.swift */ = {isa = PBXFileReference; lastKnownFileType = sourcecode.swift; path = CollectionViewEnums.swift; sourceTree = "<group>"; };
		E0B5E5D12C2AE90F0024ADB8 /* TableViewEnums.swift */ = {isa = PBXFileReference; lastKnownFileType = sourcecode.swift; path = TableViewEnums.swift; sourceTree = "<group>"; };
		E0BAE9922C216DA2008F795F /* OverviewTableViewCell.swift */ = {isa = PBXFileReference; lastKnownFileType = sourcecode.swift; path = OverviewTableViewCell.swift; sourceTree = "<group>"; };
		E0BAE9B42C268E79008F795F /* NetworkService.swift */ = {isa = PBXFileReference; lastKnownFileType = sourcecode.swift; path = NetworkService.swift; sourceTree = "<group>"; };
		E0BAE9B62C26974E008F795F /* NetworkProtocol.swift */ = {isa = PBXFileReference; lastKnownFileType = sourcecode.swift; path = NetworkProtocol.swift; sourceTree = "<group>"; };
		E0BAE9BA2C2698F1008F795F /* LocalNotificationCenter.swift */ = {isa = PBXFileReference; lastKnownFileType = sourcecode.swift; path = LocalNotificationCenter.swift; sourceTree = "<group>"; };
/* End PBXFileReference section */

/* Begin PBXFrameworksBuildPhase section */
		E0A881872C16D76000538021 /* Frameworks */ = {
			isa = PBXFrameworksBuildPhase;
			buildActionMask = 2147483647;
			files = (
				E0A881DB2C18617200538021 /* Toast in Frameworks */,
				E0A881BB2C16F7F600538021 /* Kingfisher in Frameworks */,
				E0A881AF2C16DAE300538021 /* SnapKit in Frameworks */,
				E0A881B22C16DB9F00538021 /* Alamofire in Frameworks */,
			);
			runOnlyForDeploymentPostprocessing = 0;
		};
/* End PBXFrameworksBuildPhase section */

/* Begin PBXGroup section */
		E07564542C2C035B0065413D /* Class */ = {
			isa = PBXGroup;
			children = (
				E0BAE9BA2C2698F1008F795F /* LocalNotificationCenter.swift */,
				E0BAE9B42C268E79008F795F /* NetworkService.swift */,
			);
			path = Class;
			sourceTree = "<group>";
		};
		E07564932C32A8040065413D /* Nasa */ = {
			isa = PBXGroup;
			children = (
				E075648F2C32A6E70065413D /* NasaViewController.swift */,
				E07564942C32A80C0065413D /* NasaView.swift */,
			);
			path = Nasa;
			sourceTree = "<group>";
		};
		E0A881812C16D76000538021 = {
			isa = PBXGroup;
			children = (
				E0A881A12C16D94600538021 /* .gitignore */,
				E0A8818C2C16D76000538021 /* MediaProject */,
				E0A8818B2C16D76000538021 /* Products */,
			);
			sourceTree = "<group>";
		};
		E0A8818B2C16D76000538021 /* Products */ = {
			isa = PBXGroup;
			children = (
				E0A8818A2C16D76000538021 /* MediaProject.app */,
			);
			name = Products;
			sourceTree = "<group>";
		};
		E0A8818C2C16D76000538021 /* MediaProject */ = {
			isa = PBXGroup;
			children = (
				E07564542C2C035B0065413D /* Class */,
				E0B5E5AD2C2A83C70024ADB8 /* Base */,
				E0B0B68B2C19E22A00A24154 /* Extension */,
				E0A881F52C19DBCF00538021 /* Constant */,
				E0A881A72C16DA0500538021 /* Protocol */,
				E0A881F02C19D9C900538021 /* Customs */,
				E0A881B32C16DC6100538021 /* Model */,
				E0A881AC2C16DA8500538021 /* Main */,
				E0A881F12C19D9DF00538021 /* Search */,
				E0B5E5892C2961600024ADB8 /* Recommend */,
				E0A881C02C1716DE00538021 /* Casting */,
				E0A8818D2C16D76000538021 /* AppDelegate.swift */,
				E0A8818F2C16D76000538021 /* SceneDelegate.swift */,
				E0A881962C16D76100538021 /* Assets.xcassets */,
				E0A881982C16D76100538021 /* LaunchScreen.storyboard */,
				E0A8819B2C16D76100538021 /* Info.plist */,
				E0A881A32C16D95A00538021 /* APIKey.swift */,
			);
			path = MediaProject;
			sourceTree = "<group>";
		};
		E0A881A72C16DA0500538021 /* Protocol */ = {
			isa = PBXGroup;
			children = (
				E0A881A82C16DA1800538021 /* ReusableIdentifier.swift */,
				E0A881AA2C16DA4F00538021 /* SetupView.swift */,
				E0BAE9B62C26974E008F795F /* NetworkProtocol.swift */,
				E0B5E5CA2C2AD66E0024ADB8 /* SetupCell.swift */,
			);
			path = Protocol;
			sourceTree = "<group>";
		};
		E0A881AC2C16DA8500538021 /* Main */ = {
			isa = PBXGroup;
			children = (
				E07564932C32A8040065413D /* Nasa */,
				E0A881B62C16E89100538021 /* Cell */,
				E0A881A52C16D9FF00538021 /* MainViewController.swift */,
			);
			path = Main;
			sourceTree = "<group>";
		};
		E0A881B32C16DC6100538021 /* Model */ = {
			isa = PBXGroup;
			children = (
				E0A881B42C16DC7A00538021 /* Movie.swift */,
				E0A881C32C1718CF00538021 /* Actor.swift */,
				E0B5E5BA2C2AC4CB0024ADB8 /* Poster.swift */,
				E0B5E5C22C2ACD550024ADB8 /* MovieImageContainer.swift */,
			);
			path = Model;
			sourceTree = "<group>";
		};
		E0A881B62C16E89100538021 /* Cell */ = {
			isa = PBXGroup;
			children = (
				E0A881B72C16E89C00538021 /* MovieTableViewCell.swift */,
			);
			path = Cell;
			sourceTree = "<group>";
		};
		E0A881C02C1716DE00538021 /* Casting */ = {
			isa = PBXGroup;
			children = (
				E0A881C62C1722D400538021 /* Cell */,
				E0A881F62C19DC6500538021 /* CastingViewController.swift */,
			);
			path = Casting;
			sourceTree = "<group>";
		};
		E0A881C62C1722D400538021 /* Cell */ = {
			isa = PBXGroup;
			children = (
				E0A881C92C1723E800538021 /* CastingTableViewCell.swift */,
				E0BAE9922C216DA2008F795F /* OverviewTableViewCell.swift */,
			);
			path = Cell;
			sourceTree = "<group>";
		};
		E0A881F02C19D9C900538021 /* Customs */ = {
			isa = PBXGroup;
			children = (
				E0A881F32C19DA4400538021 /* CustomImageView.swift */,
				E0A881EA2C19D40000538021 /* CustomBorder.swift */,
				E0A881EE2C19D7BB00538021 /* CustomLabel.swift */,
			);
			path = Customs;
			sourceTree = "<group>";
		};
		E0A881F12C19D9DF00538021 /* Search */ = {
			isa = PBXGroup;
			children = (
				E0A881F22C19D9EA00538021 /* Cell */,
				E0A881D42C18500900538021 /* SearchViewController.swift */,
			);
			path = Search;
			sourceTree = "<group>";
		};
		E0A881F22C19D9EA00538021 /* Cell */ = {
			isa = PBXGroup;
			children = (
				E0A881D62C1854ED00538021 /* SearchCollectionViewCell.swift */,
			);
			path = Cell;
			sourceTree = "<group>";
		};
		E0A881F52C19DBCF00538021 /* Constant */ = {
			isa = PBXGroup;
			children = (
				E0A881EC2C19D61800538021 /* Enums.swift */,
				E0B5E5CF2C2AE8B10024ADB8 /* CollectionViewEnums.swift */,
				E0B5E5D12C2AE90F0024ADB8 /* TableViewEnums.swift */,
				E07564552C2C03EF0065413D /* TMDBRequestCase.swift */,
				E075648D2C32A6700065413D /* NasaRequestCase.swift */,
			);
			path = Constant;
			sourceTree = "<group>";
		};
		E0B0B68B2C19E22A00A24154 /* Extension */ = {
			isa = PBXGroup;
			children = (
				E0B0B68C2C19E23700A24154 /* CollectionView + Extension.swift */,
				E07564572C2C3FCD0065413D /* UIViewController + Extension.swift */,
			);
			path = Extension;
			sourceTree = "<group>";
		};
		E0B5E5892C2961600024ADB8 /* Recommend */ = {
			isa = PBXGroup;
			children = (
				E0B5E58A2C2961670024ADB8 /* Cell */,
				E0B5E5872C295B790024ADB8 /* PosterViewController.swift */,
			);
			path = Recommend;
			sourceTree = "<group>";
		};
		E0B5E58A2C2961670024ADB8 /* Cell */ = {
			isa = PBXGroup;
			children = (
				E0B5E5C02C2AC9420024ADB8 /* PosterTableViewCell.swift */,
				E0B5E5C42C2AD00B0024ADB8 /* PosterCollectionViewCell.swift */,
			);
			path = Cell;
			sourceTree = "<group>";
		};
		E0B5E5AD2C2A83C70024ADB8 /* Base */ = {
			isa = PBXGroup;
			children = (
				E0B5E5B82C2AC3B20024ADB8 /* BaseTableViewController.swift */,
				E07564592C2C50BB0065413D /* BaseViewController + NoLargeTitle.swift */,
				E0B5E5BE2C2AC8DD0024ADB8 /* BaseTableViewCell.swift */,
				E0B5E5C62C2AD5FE0024ADB8 /* BaseCollectionViewCell.swift */,
				E07564912C32A7320065413D /* BaseView.swift */,
			);
			path = Base;
			sourceTree = "<group>";
		};
/* End PBXGroup section */

/* Begin PBXNativeTarget section */
		E0A881892C16D76000538021 /* MediaProject */ = {
			isa = PBXNativeTarget;
			buildConfigurationList = E0A8819E2C16D76100538021 /* Build configuration list for PBXNativeTarget "MediaProject" */;
			buildPhases = (
				E0A881862C16D76000538021 /* Sources */,
				E0A881872C16D76000538021 /* Frameworks */,
				E0A881882C16D76000538021 /* Resources */,
			);
			buildRules = (
			);
			dependencies = (
			);
			name = MediaProject;
			packageProductDependencies = (
				E0A881AE2C16DAE300538021 /* SnapKit */,
				E0A881B12C16DB9F00538021 /* Alamofire */,
				E0A881BA2C16F7F600538021 /* Kingfisher */,
				E0A881DA2C18617200538021 /* Toast */,
			);
			productName = MediaProject;
			productReference = E0A8818A2C16D76000538021 /* MediaProject.app */;
			productType = "com.apple.product-type.application";
		};
/* End PBXNativeTarget section */

/* Begin PBXProject section */
		E0A881822C16D76000538021 /* Project object */ = {
			isa = PBXProject;
			attributes = {
				BuildIndependentTargetsInParallel = 1;
				LastSwiftUpdateCheck = 1530;
				LastUpgradeCheck = 1530;
				TargetAttributes = {
					E0A881892C16D76000538021 = {
						CreatedOnToolsVersion = 15.3;
					};
				};
			};
			buildConfigurationList = E0A881852C16D76000538021 /* Build configuration list for PBXProject "MediaProject" */;
			compatibilityVersion = "Xcode 14.0";
			developmentRegion = en;
			hasScannedForEncodings = 0;
			knownRegions = (
				en,
				Base,
			);
			mainGroup = E0A881812C16D76000538021;
			packageReferences = (
				E0A881AD2C16DAE300538021 /* XCRemoteSwiftPackageReference "SnapKit" */,
				E0A881B02C16DB9F00538021 /* XCRemoteSwiftPackageReference "Alamofire" */,
				E0A881B92C16F7F600538021 /* XCRemoteSwiftPackageReference "Kingfisher" */,
				E0A881D92C18617200538021 /* XCRemoteSwiftPackageReference "Toast-Swift" */,
			);
			productRefGroup = E0A8818B2C16D76000538021 /* Products */;
			projectDirPath = "";
			projectRoot = "";
			targets = (
				E0A881892C16D76000538021 /* MediaProject */,
			);
		};
/* End PBXProject section */

/* Begin PBXResourcesBuildPhase section */
		E0A881882C16D76000538021 /* Resources */ = {
			isa = PBXResourcesBuildPhase;
			buildActionMask = 2147483647;
			files = (
				E0A881A22C16D94600538021 /* .gitignore in Resources */,
				E0A881972C16D76100538021 /* Assets.xcassets in Resources */,
				E0A8819A2C16D76100538021 /* Base in Resources */,
			);
			runOnlyForDeploymentPostprocessing = 0;
		};
/* End PBXResourcesBuildPhase section */

/* Begin PBXSourcesBuildPhase section */
		E0A881862C16D76000538021 /* Sources */ = {
			isa = PBXSourcesBuildPhase;
			buildActionMask = 2147483647;
			files = (
				E0A881F42C19DA4400538021 /* CustomImageView.swift in Sources */,
				E0A881EF2C19D7BB00538021 /* CustomLabel.swift in Sources */,
				E0A881B52C16DC7A00538021 /* Movie.swift in Sources */,
				E0B5E5D02C2AE8B10024ADB8 /* CollectionViewEnums.swift in Sources */,
				E0A881A92C16DA1800538021 /* ReusableIdentifier.swift in Sources */,
				E0A881C42C1718CF00538021 /* Actor.swift in Sources */,
				E0B5E5C72C2AD5FE0024ADB8 /* BaseCollectionViewCell.swift in Sources */,
				E0A8818E2C16D76000538021 /* AppDelegate.swift in Sources */,
				E0B5E5CB2C2AD66E0024ADB8 /* SetupCell.swift in Sources */,
				E0B5E5BB2C2AC4CB0024ADB8 /* Poster.swift in Sources */,
				E0A881ED2C19D61800538021 /* Enums.swift in Sources */,
				E0A881EB2C19D40000538021 /* CustomBorder.swift in Sources */,
				E0A881AB2C16DA4F00538021 /* SetupView.swift in Sources */,
				E0A881A42C16D95A00538021 /* APIKey.swift in Sources */,
				E0BAE9B52C268E79008F795F /* NetworkService.swift in Sources */,
				E07564952C32A80C0065413D /* NasaView.swift in Sources */,
				E07564902C32A6E70065413D /* NasaViewController.swift in Sources */,
				E0B0B68D2C19E23700A24154 /* CollectionView + Extension.swift in Sources */,
				E0A881902C16D76000538021 /* SceneDelegate.swift in Sources */,
				E0A881F72C19DC6500538021 /* CastingViewController.swift in Sources */,
				E0BAE9932C216DA2008F795F /* OverviewTableViewCell.swift in Sources */,
				E0A881D52C18500900538021 /* SearchViewController.swift in Sources */,
				E0A881B82C16E89C00538021 /* MovieTableViewCell.swift in Sources */,
				E075645A2C2C50BB0065413D /* BaseViewController + NoLargeTitle.swift in Sources */,
				E075648E2C32A6710065413D /* NasaRequestCase.swift in Sources */,
				E0BAE9B72C26974E008F795F /* NetworkProtocol.swift in Sources */,
				E0B5E5C52C2AD00B0024ADB8 /* PosterCollectionViewCell.swift in Sources */,
				E0B5E5D22C2AE90F0024ADB8 /* TableViewEnums.swift in Sources */,
				E07564922C32A7320065413D /* BaseView.swift in Sources */,
				E0B5E5C32C2ACD550024ADB8 /* MovieImageContainer.swift in Sources */,
				E0A881CA2C1723E800538021 /* CastingTableViewCell.swift in Sources */,
				E07564562C2C03EF0065413D /* TMDBRequestCase.swift in Sources */,
				E0B5E5B92C2AC3B20024ADB8 /* BaseTableViewController.swift in Sources */,
				E0A881A62C16D9FF00538021 /* MainViewController.swift in Sources */,
				E0BAE9BB2C2698F1008F795F /* LocalNotificationCenter.swift in Sources */,
				E0B5E5882C295B790024ADB8 /* PosterViewController.swift in Sources */,
				E07564582C2C3FCD0065413D /* UIViewController + Extension.swift in Sources */,
				E0B5E5BF2C2AC8DD0024ADB8 /* BaseTableViewCell.swift in Sources */,
				E0A881D72C1854ED00538021 /* SearchCollectionViewCell.swift in Sources */,
				E0B5E5C12C2AC9420024ADB8 /* PosterTableViewCell.swift in Sources */,
			);
			runOnlyForDeploymentPostprocessing = 0;
		};
/* End PBXSourcesBuildPhase section */

/* Begin PBXVariantGroup section */
		E0A881982C16D76100538021 /* LaunchScreen.storyboard */ = {
			isa = PBXVariantGroup;
			children = (
				E0A881992C16D76100538021 /* Base */,
			);
			name = LaunchScreen.storyboard;
			sourceTree = "<group>";
		};
/* End PBXVariantGroup section */

/* Begin XCBuildConfiguration section */
		E0A8819C2C16D76100538021 /* Debug */ = {
			isa = XCBuildConfiguration;
			buildSettings = {
				ALWAYS_SEARCH_USER_PATHS = NO;
				ASSETCATALOG_COMPILER_GENERATE_SWIFT_ASSET_SYMBOL_EXTENSIONS = YES;
				CLANG_ANALYZER_NONNULL = YES;
				CLANG_ANALYZER_NUMBER_OBJECT_CONVERSION = YES_AGGRESSIVE;
				CLANG_CXX_LANGUAGE_STANDARD = "gnu++20";
				CLANG_ENABLE_MODULES = YES;
				CLANG_ENABLE_OBJC_ARC = YES;
				CLANG_ENABLE_OBJC_WEAK = YES;
				CLANG_WARN_BLOCK_CAPTURE_AUTORELEASING = YES;
				CLANG_WARN_BOOL_CONVERSION = YES;
				CLANG_WARN_COMMA = YES;
				CLANG_WARN_CONSTANT_CONVERSION = YES;
				CLANG_WARN_DEPRECATED_OBJC_IMPLEMENTATIONS = YES;
				CLANG_WARN_DIRECT_OBJC_ISA_USAGE = YES_ERROR;
				CLANG_WARN_DOCUMENTATION_COMMENTS = YES;
				CLANG_WARN_EMPTY_BODY = YES;
				CLANG_WARN_ENUM_CONVERSION = YES;
				CLANG_WARN_INFINITE_RECURSION = YES;
				CLANG_WARN_INT_CONVERSION = YES;
				CLANG_WARN_NON_LITERAL_NULL_CONVERSION = YES;
				CLANG_WARN_OBJC_IMPLICIT_RETAIN_SELF = YES;
				CLANG_WARN_OBJC_LITERAL_CONVERSION = YES;
				CLANG_WARN_OBJC_ROOT_CLASS = YES_ERROR;
				CLANG_WARN_QUOTED_INCLUDE_IN_FRAMEWORK_HEADER = YES;
				CLANG_WARN_RANGE_LOOP_ANALYSIS = YES;
				CLANG_WARN_STRICT_PROTOTYPES = YES;
				CLANG_WARN_SUSPICIOUS_MOVE = YES;
				CLANG_WARN_UNGUARDED_AVAILABILITY = YES_AGGRESSIVE;
				CLANG_WARN_UNREACHABLE_CODE = YES;
				CLANG_WARN__DUPLICATE_METHOD_MATCH = YES;
				COPY_PHASE_STRIP = NO;
				DEBUG_INFORMATION_FORMAT = dwarf;
				ENABLE_STRICT_OBJC_MSGSEND = YES;
				ENABLE_TESTABILITY = YES;
				ENABLE_USER_SCRIPT_SANDBOXING = YES;
				GCC_C_LANGUAGE_STANDARD = gnu17;
				GCC_DYNAMIC_NO_PIC = NO;
				GCC_NO_COMMON_BLOCKS = YES;
				GCC_OPTIMIZATION_LEVEL = 0;
				GCC_PREPROCESSOR_DEFINITIONS = (
					"DEBUG=1",
					"$(inherited)",
				);
				GCC_WARN_64_TO_32_BIT_CONVERSION = YES;
				GCC_WARN_ABOUT_RETURN_TYPE = YES_ERROR;
				GCC_WARN_UNDECLARED_SELECTOR = YES;
				GCC_WARN_UNINITIALIZED_AUTOS = YES_AGGRESSIVE;
				GCC_WARN_UNUSED_FUNCTION = YES;
				GCC_WARN_UNUSED_VARIABLE = YES;
				IPHONEOS_DEPLOYMENT_TARGET = 17.4;
				LOCALIZATION_PREFERS_STRING_CATALOGS = YES;
				MTL_ENABLE_DEBUG_INFO = INCLUDE_SOURCE;
				MTL_FAST_MATH = YES;
				ONLY_ACTIVE_ARCH = YES;
				SDKROOT = iphoneos;
				SWIFT_ACTIVE_COMPILATION_CONDITIONS = "DEBUG $(inherited)";
				SWIFT_OPTIMIZATION_LEVEL = "-Onone";
			};
			name = Debug;
		};
		E0A8819D2C16D76100538021 /* Release */ = {
			isa = XCBuildConfiguration;
			buildSettings = {
				ALWAYS_SEARCH_USER_PATHS = NO;
				ASSETCATALOG_COMPILER_GENERATE_SWIFT_ASSET_SYMBOL_EXTENSIONS = YES;
				CLANG_ANALYZER_NONNULL = YES;
				CLANG_ANALYZER_NUMBER_OBJECT_CONVERSION = YES_AGGRESSIVE;
				CLANG_CXX_LANGUAGE_STANDARD = "gnu++20";
				CLANG_ENABLE_MODULES = YES;
				CLANG_ENABLE_OBJC_ARC = YES;
				CLANG_ENABLE_OBJC_WEAK = YES;
				CLANG_WARN_BLOCK_CAPTURE_AUTORELEASING = YES;
				CLANG_WARN_BOOL_CONVERSION = YES;
				CLANG_WARN_COMMA = YES;
				CLANG_WARN_CONSTANT_CONVERSION = YES;
				CLANG_WARN_DEPRECATED_OBJC_IMPLEMENTATIONS = YES;
				CLANG_WARN_DIRECT_OBJC_ISA_USAGE = YES_ERROR;
				CLANG_WARN_DOCUMENTATION_COMMENTS = YES;
				CLANG_WARN_EMPTY_BODY = YES;
				CLANG_WARN_ENUM_CONVERSION = YES;
				CLANG_WARN_INFINITE_RECURSION = YES;
				CLANG_WARN_INT_CONVERSION = YES;
				CLANG_WARN_NON_LITERAL_NULL_CONVERSION = YES;
				CLANG_WARN_OBJC_IMPLICIT_RETAIN_SELF = YES;
				CLANG_WARN_OBJC_LITERAL_CONVERSION = YES;
				CLANG_WARN_OBJC_ROOT_CLASS = YES_ERROR;
				CLANG_WARN_QUOTED_INCLUDE_IN_FRAMEWORK_HEADER = YES;
				CLANG_WARN_RANGE_LOOP_ANALYSIS = YES;
				CLANG_WARN_STRICT_PROTOTYPES = YES;
				CLANG_WARN_SUSPICIOUS_MOVE = YES;
				CLANG_WARN_UNGUARDED_AVAILABILITY = YES_AGGRESSIVE;
				CLANG_WARN_UNREACHABLE_CODE = YES;
				CLANG_WARN__DUPLICATE_METHOD_MATCH = YES;
				COPY_PHASE_STRIP = NO;
				DEBUG_INFORMATION_FORMAT = "dwarf-with-dsym";
				ENABLE_NS_ASSERTIONS = NO;
				ENABLE_STRICT_OBJC_MSGSEND = YES;
				ENABLE_USER_SCRIPT_SANDBOXING = YES;
				GCC_C_LANGUAGE_STANDARD = gnu17;
				GCC_NO_COMMON_BLOCKS = YES;
				GCC_WARN_64_TO_32_BIT_CONVERSION = YES;
				GCC_WARN_ABOUT_RETURN_TYPE = YES_ERROR;
				GCC_WARN_UNDECLARED_SELECTOR = YES;
				GCC_WARN_UNINITIALIZED_AUTOS = YES_AGGRESSIVE;
				GCC_WARN_UNUSED_FUNCTION = YES;
				GCC_WARN_UNUSED_VARIABLE = YES;
				IPHONEOS_DEPLOYMENT_TARGET = 17.4;
				LOCALIZATION_PREFERS_STRING_CATALOGS = YES;
				MTL_ENABLE_DEBUG_INFO = NO;
				MTL_FAST_MATH = YES;
				SDKROOT = iphoneos;
				SWIFT_COMPILATION_MODE = wholemodule;
				VALIDATE_PRODUCT = YES;
			};
			name = Release;
		};
		E0A8819F2C16D76100538021 /* Debug */ = {
			isa = XCBuildConfiguration;
			buildSettings = {
				ASSETCATALOG_COMPILER_APPICON_NAME = AppIcon;
				ASSETCATALOG_COMPILER_GLOBAL_ACCENT_COLOR_NAME = AccentColor;
				CODE_SIGN_STYLE = Automatic;
				CURRENT_PROJECT_VERSION = 1;
				DEVELOPMENT_TEAM = L348QC8MG7;
				GENERATE_INFOPLIST_FILE = YES;
				INFOPLIST_FILE = MediaProject/Info.plist;
				INFOPLIST_KEY_UIApplicationSupportsIndirectInputEvents = YES;
				INFOPLIST_KEY_UILaunchStoryboardName = LaunchScreen;
				INFOPLIST_KEY_UISupportedInterfaceOrientations_iPad = "UIInterfaceOrientationPortrait UIInterfaceOrientationPortraitUpsideDown UIInterfaceOrientationLandscapeLeft UIInterfaceOrientationLandscapeRight";
				INFOPLIST_KEY_UISupportedInterfaceOrientations_iPhone = "UIInterfaceOrientationPortrait UIInterfaceOrientationLandscapeLeft UIInterfaceOrientationLandscapeRight";
				IPHONEOS_DEPLOYMENT_TARGET = 16.0;
				LD_RUNPATH_SEARCH_PATHS = (
					"$(inherited)",
					"@executable_path/Frameworks",
				);
				MARKETING_VERSION = 1.0;
				PRODUCT_BUNDLE_IDENTIFIER = jeongyun.MediaProject;
				PRODUCT_NAME = "$(TARGET_NAME)";
				SUPPORTED_PLATFORMS = "iphoneos iphonesimulator";
				SUPPORTS_MACCATALYST = NO;
				SUPPORTS_MAC_DESIGNED_FOR_IPHONE_IPAD = NO;
				SUPPORTS_XR_DESIGNED_FOR_IPHONE_IPAD = NO;
				SWIFT_EMIT_LOC_STRINGS = YES;
				SWIFT_VERSION = 5.0;
				TARGETED_DEVICE_FAMILY = 1;
			};
			name = Debug;
		};
		E0A881A02C16D76100538021 /* Release */ = {
			isa = XCBuildConfiguration;
			buildSettings = {
				ASSETCATALOG_COMPILER_APPICON_NAME = AppIcon;
				ASSETCATALOG_COMPILER_GLOBAL_ACCENT_COLOR_NAME = AccentColor;
				CODE_SIGN_STYLE = Automatic;
				CURRENT_PROJECT_VERSION = 1;
				DEVELOPMENT_TEAM = L348QC8MG7;
				GENERATE_INFOPLIST_FILE = YES;
				INFOPLIST_FILE = MediaProject/Info.plist;
				INFOPLIST_KEY_UIApplicationSupportsIndirectInputEvents = YES;
				INFOPLIST_KEY_UILaunchStoryboardName = LaunchScreen;
				INFOPLIST_KEY_UISupportedInterfaceOrientations_iPad = "UIInterfaceOrientationPortrait UIInterfaceOrientationPortraitUpsideDown UIInterfaceOrientationLandscapeLeft UIInterfaceOrientationLandscapeRight";
				INFOPLIST_KEY_UISupportedInterfaceOrientations_iPhone = "UIInterfaceOrientationPortrait UIInterfaceOrientationLandscapeLeft UIInterfaceOrientationLandscapeRight";
				IPHONEOS_DEPLOYMENT_TARGET = 16.0;
				LD_RUNPATH_SEARCH_PATHS = (
					"$(inherited)",
					"@executable_path/Frameworks",
				);
				MARKETING_VERSION = 1.0;
				PRODUCT_BUNDLE_IDENTIFIER = jeongyun.MediaProject;
				PRODUCT_NAME = "$(TARGET_NAME)";
				SUPPORTED_PLATFORMS = "iphoneos iphonesimulator";
				SUPPORTS_MACCATALYST = NO;
				SUPPORTS_MAC_DESIGNED_FOR_IPHONE_IPAD = NO;
				SUPPORTS_XR_DESIGNED_FOR_IPHONE_IPAD = NO;
				SWIFT_EMIT_LOC_STRINGS = YES;
				SWIFT_VERSION = 5.0;
				TARGETED_DEVICE_FAMILY = 1;
			};
			name = Release;
		};
/* End XCBuildConfiguration section */

/* Begin XCConfigurationList section */
		E0A881852C16D76000538021 /* Build configuration list for PBXProject "MediaProject" */ = {
			isa = XCConfigurationList;
			buildConfigurations = (
				E0A8819C2C16D76100538021 /* Debug */,
				E0A8819D2C16D76100538021 /* Release */,
			);
			defaultConfigurationIsVisible = 0;
			defaultConfigurationName = Release;
		};
		E0A8819E2C16D76100538021 /* Build configuration list for PBXNativeTarget "MediaProject" */ = {
			isa = XCConfigurationList;
			buildConfigurations = (
				E0A8819F2C16D76100538021 /* Debug */,
				E0A881A02C16D76100538021 /* Release */,
			);
			defaultConfigurationIsVisible = 0;
			defaultConfigurationName = Release;
		};
/* End XCConfigurationList section */

/* Begin XCRemoteSwiftPackageReference section */
		E0A881AD2C16DAE300538021 /* XCRemoteSwiftPackageReference "SnapKit" */ = {
			isa = XCRemoteSwiftPackageReference;
			repositoryURL = "https://github.com/SnapKit/SnapKit";
			requirement = {
				kind = upToNextMajorVersion;
				minimumVersion = 5.7.1;
			};
		};
		E0A881B02C16DB9F00538021 /* XCRemoteSwiftPackageReference "Alamofire" */ = {
			isa = XCRemoteSwiftPackageReference;
			repositoryURL = "https://github.com/Alamofire/Alamofire";
			requirement = {
				kind = upToNextMajorVersion;
				minimumVersion = 5.9.1;
			};
		};
		E0A881B92C16F7F600538021 /* XCRemoteSwiftPackageReference "Kingfisher" */ = {
			isa = XCRemoteSwiftPackageReference;
			repositoryURL = "https://github.com/onevcat/Kingfisher.git";
			requirement = {
				kind = upToNextMajorVersion;
				minimumVersion = 7.11.0;
			};
		};
		E0A881D92C18617200538021 /* XCRemoteSwiftPackageReference "Toast-Swift" */ = {
			isa = XCRemoteSwiftPackageReference;
			repositoryURL = "https://github.com/scalessec/Toast-Swift";
			requirement = {
				kind = upToNextMajorVersion;
				minimumVersion = 5.1.1;
			};
		};
/* End XCRemoteSwiftPackageReference section */

/* Begin XCSwiftPackageProductDependency section */
		E0A881AE2C16DAE300538021 /* SnapKit */ = {
			isa = XCSwiftPackageProductDependency;
			package = E0A881AD2C16DAE300538021 /* XCRemoteSwiftPackageReference "SnapKit" */;
			productName = SnapKit;
		};
		E0A881B12C16DB9F00538021 /* Alamofire */ = {
			isa = XCSwiftPackageProductDependency;
			package = E0A881B02C16DB9F00538021 /* XCRemoteSwiftPackageReference "Alamofire" */;
			productName = Alamofire;
		};
		E0A881BA2C16F7F600538021 /* Kingfisher */ = {
			isa = XCSwiftPackageProductDependency;
			package = E0A881B92C16F7F600538021 /* XCRemoteSwiftPackageReference "Kingfisher" */;
			productName = Kingfisher;
		};
		E0A881DA2C18617200538021 /* Toast */ = {
			isa = XCSwiftPackageProductDependency;
			package = E0A881D92C18617200538021 /* XCRemoteSwiftPackageReference "Toast-Swift" */;
			productName = Toast;
		};
/* End XCSwiftPackageProductDependency section */
	};
	rootObject = E0A881822C16D76000538021 /* Project object */;
}
